<?xml version="1.0" encoding="utf-8"?>
<Project ToolsVersion="4.0" xmlns="http://schemas.microsoft.com/developer/msbuild/2003">
  <ItemGroup>
    <Filter Include="Source Files">
      <UniqueIdentifier>{4FC737F1-C7A5-4376-A066-2A32D752A2FF}</UniqueIdentifier>
      <Extensions>cpp;c;cc;cxx;c++;cppm;ixx;def;odl;idl;hpj;bat;asm;asmx</Extensions>
    </Filter>
    <Filter Include="Header Files">
      <UniqueIdentifier>{93995380-89BD-4b04-88EB-625FBE52EBFB}</UniqueIdentifier>
      <Extensions>h;hh;hpp;hxx;h++;hm;inl;inc;ipp;xsd</Extensions>
    </Filter>
    <Filter Include="Resource Files">
      <UniqueIdentifier>{67DA6AB6-F800-4c08-8B7A-83BB121AAD01}</UniqueIdentifier>
      <Extensions>rc;ico;cur;bmp;dlg;rc2;rct;bin;rgs;gif;jpg;jpeg;jpe;resx;tiff;tif;png;wav;mfcribbon-ms</Extensions>
    </Filter>
  </ItemGroup>
  <ItemGroup>
    <ClCompile Include="src\EvolutionEngine\Agent.cpp">
      <Filter>Source Files</Filter>
    </ClCompile>
    <ClCompile Include="src\EvolutionEngine\AgentConstants.cpp">
      <Filter>Source Files</Filter>
    </ClCompile>
    <ClCompile Include="src\EvolutionEngine\AgentHandle.cpp">
      <Filter>Source Files</Filter>
    </ClCompile>
    <ClCompile Include="src\EvolutionEngine\AgentHandlers.cpp">
      <Filter>Source Files</Filter>
    </ClCompile>
    <ClCompile Include="src\EvolutionEngine\AgentManager.cpp">
      <Filter>Source Files</Filter>
    </ClCompile>
    <ClCompile Include="src\EvolutionEngine\Angle.cpp">
      <Filter>Source Files</Filter>
    </ClCompile>
    <ClCompile Include="src\EvolutionEngine\App.cpp">
      <Filter>Source Files</Filter>
    </ClCompile>
    <ClCompile Include="src\EvolutionEngine\AutoDocumentationTable.cpp">
      <Filter>Source Files</Filter>
    </ClCompile>
    <ClCompile Include="src\EvolutionEngine\Background.cpp">
      <Filter>Source Files</Filter>
    </ClCompile>
    <ClCompile Include="src\EvolutionEngine\Biochemistry.cpp">
      <Filter>Source Files</Filter>
    </ClCompile>
    <ClCompile Include="src\EvolutionEngine\BiochemistryConstants.cpp">
      <Filter>Source Files</Filter>
    </ClCompile>
    <ClCompile Include="src\EvolutionEngine\Bitmap.cpp">
      <Filter>Source Files</Filter>
    </ClCompile>
    <ClCompile Include="src\EvolutionEngine\BodyPartOverlay.cpp">
      <Filter>Source Files</Filter>
    </ClCompile>
    <ClCompile Include="src\EvolutionEngine\Brain.cpp">
      <Filter>Source Files</Filter>
    </ClCompile>
    <ClCompile Include="src\EvolutionEngine\BrainComponent.cpp">
      <Filter>Source Files</Filter>
    </ClCompile>
    <ClCompile Include="src\EvolutionEngine\BrainScriptFunctions.cpp">
      <Filter>Source Files</Filter>
    </ClCompile>
    <ClCompile Include="src\EvolutionEngine\C2eDebug.cpp">
      <Filter>Source Files</Filter>
    </ClCompile>
    <ClCompile Include="src\EvolutionEngine\C2eServices.cpp">
      <Filter>Source Files</Filter>
    </ClCompile>
    <ClCompile Include="src\EvolutionEngine\Camera.cpp">
      <Filter>Source Files</Filter>
    </ClCompile>
    <ClCompile Include="src\EvolutionEngine\CameraPart.cpp">
      <Filter>Source Files</Filter>
    </ClCompile>
    <ClCompile Include="src\EvolutionEngine\CameraSprite.cpp">
      <Filter>Source Files</Filter>
    </ClCompile>
    <ClCompile Include="src\EvolutionEngine\CAOSDescription.cpp">
      <Filter>Source Files</Filter>
    </ClCompile>
    <ClCompile Include="src\EvolutionEngine\CAOSMachine.cpp">
      <Filter>Source Files</Filter>
    </ClCompile>
    <ClCompile Include="src\EvolutionEngine\CAOSTables.cpp">
      <Filter>Source Files</Filter>
    </ClCompile>
    <ClCompile Include="src\EvolutionEngine\CAOSVar.cpp">
      <Filter>Source Files</Filter>
    </ClCompile>
    <ClCompile Include="src\EvolutionEngine\CARates.cpp">
      <Filter>Source Files</Filter>
    </ClCompile>
    <ClCompile Include="src\EvolutionEngine\Catalogue.cpp">
      <Filter>Source Files</Filter>
    </ClCompile>
    <ClCompile Include="src\EvolutionEngine\CDRomDevice.cpp">
      <Filter>Source Files</Filter>
    </ClCompile>
    <ClCompile Include="src\EvolutionEngine\Circle.cpp">
      <Filter>Source Files</Filter>
    </ClCompile>
    <ClCompile Include="src\EvolutionEngine\Classifier.cpp">
      <Filter>Source Files</Filter>
    </ClCompile>
    <ClCompile Include="src\EvolutionEngine\ClonedGallery.cpp">
      <Filter>Source Files</Filter>
    </ClCompile>
    <ClCompile Include="src\EvolutionEngine\CompoundAgent.cpp">
      <Filter>Source Files</Filter>
    </ClCompile>
    <ClCompile Include="src\EvolutionEngine\CompoundHandlers.cpp">
      <Filter>Source Files</Filter>
    </ClCompile>
    <ClCompile Include="src\EvolutionEngine\CompoundPart.cpp">
      <Filter>Source Files</Filter>
    </ClCompile>
    <ClCompile Include="src\EvolutionEngine\CompressedBitmap.cpp">
      <Filter>Source Files</Filter>
    </ClCompile>
    <ClCompile Include="src\EvolutionEngine\Configurator.cpp">
      <Filter>Source Files</Filter>
    </ClCompile>
    <ClCompile Include="src\EvolutionEngine\CosInstaller.cpp">
      <Filter>Source Files</Filter>
    </ClCompile>
    <ClCompile Include="src\EvolutionEngine\Creature.cpp">
      <Filter>Source Files</Filter>
    </ClCompile>
    <ClCompile Include="src\EvolutionEngine\CreatureAgent.cpp">
      <Filter>Source Files</Filter>
    </ClCompile>
    <ClCompile Include="src\EvolutionEngine\CreatureGallery.cpp">
      <Filter>Source Files</Filter>
    </ClCompile>
    <ClCompile Include="src\EvolutionEngine\CreatureHandlers.cpp">
      <Filter>Source Files</Filter>
    </ClCompile>
    <ClCompile Include="src\EvolutionEngine\CreatureHead.cpp">
      <Filter>Source Files</Filter>
    </ClCompile>
    <ClCompile Include="src\EvolutionEngine\CreatureHistory.cpp">
      <Filter>Source Files</Filter>
    </ClCompile>
    <ClCompile Include="src\EvolutionEngine\CreaturesArchive.cpp">
      <Filter>Source Files</Filter>
    </ClCompile>
    <ClCompile Include="src\EvolutionEngine\CStyleException.cpp">
      <Filter>Source Files</Filter>
    </ClCompile>
    <ClCompile Include="src\EvolutionEngine\CustomHeap.cpp">
      <Filter>Source Files</Filter>
    </ClCompile>
    <ClCompile Include="src\EvolutionEngine\DebugHandlers.cpp">
      <Filter>Source Files</Filter>
    </ClCompile>
    <ClCompile Include="src\EvolutionEngine\DebugInfo.cpp">
      <Filter>Source Files</Filter>
    </ClCompile>
    <ClCompile Include="src\EvolutionEngine\Dendrite.cpp">
      <Filter>Source Files</Filter>
    </ClCompile>
    <ClCompile Include="src\EvolutionEngine\DirectoryManager.cpp">
      <Filter>Source Files</Filter>
    </ClCompile>
    <ClCompile Include="src\EvolutionEngine\DisplayEngine.cpp">
      <Filter>Source Files</Filter>
    </ClCompile>
    <ClCompile Include="src\EvolutionEngine\DisplayEnginePlotFunctions.cpp">
      <Filter>Source Files</Filter>
    </ClCompile>
    <ClCompile Include="src\EvolutionEngine\DisplayHandlers.cpp">
      <Filter>Source Files</Filter>
    </ClCompile>
    <ClCompile Include="src\EvolutionEngine\DrawableObject.cpp">
      <Filter>Source Files</Filter>
    </ClCompile>
    <ClCompile Include="src\EvolutionEngine\DrawableObjectHandler.cpp">
      <Filter>Source Files</Filter>
    </ClCompile>
    <ClCompile Include="src\EvolutionEngine\EasterEgg.cpp">
      <Filter>Source Files</Filter>
    </ClCompile>
    <ClCompile Include="src\EvolutionEngine\Emitter.cpp">
      <Filter>Source Files</Filter>
    </ClCompile>
    <ClCompile Include="src\EvolutionEngine\Entity.cpp">
      <Filter>Source Files</Filter>
    </ClCompile>
    <ClCompile Include="src\EvolutionEngine\EntityImage.cpp">
      <Filter>Source Files</Filter>
    </ClCompile>
    <ClCompile Include="src\EvolutionEngine\EntityImageClone.cpp">
      <Filter>Source Files</Filter>
    </ClCompile>
    <ClCompile Include="src\EvolutionEngine\EntityImageWithEmbeddedCamera.cpp">
      <Filter>Source Files</Filter>
    </ClCompile>
    <ClCompile Include="src\EvolutionEngine\ErrorDialog.cpp">
      <Filter>Source Files</Filter>
    </ClCompile>
    <ClCompile Include="src\EvolutionEngine\ErrorMessageHandler.cpp">
      <Filter>Source Files</Filter>
    </ClCompile>
    <ClCompile Include="src\EvolutionEngine\EvolutionEngine.cpp">
      <Filter>Source Files</Filter>
    </ClCompile>
    <ClCompile Include="src\EvolutionEngine\ExpressiveFaculty.cpp">
      <Filter>Source Files</Filter>
    </ClCompile>
    <ClCompile Include="src\EvolutionEngine\Faculty.cpp">
      <Filter>Source Files</Filter>
    </ClCompile>
    <ClCompile Include="src\EvolutionEngine\File.cpp">
      <Filter>Source Files</Filter>
    </ClCompile>
    <ClCompile Include="src\EvolutionEngine\FileFuncs.cpp">
      <Filter>Source Files</Filter>
    </ClCompile>
    <ClCompile Include="src\EvolutionEngine\FileLocaliser.cpp">
      <Filter>Source Files</Filter>
    </ClCompile>
    <ClCompile Include="src\EvolutionEngine\FilePath.cpp">
      <Filter>Source Files</Filter>
    </ClCompile>
    <ClCompile Include="src\EvolutionEngine\FileScanner.cpp">
      <Filter>Source Files</Filter>
    </ClCompile>
    <ClCompile Include="src\EvolutionEngine\FlightRecorder.cpp">
      <Filter>Source Files</Filter>
    </ClCompile>
    <ClCompile Include="src\EvolutionEngine\Gallery.cpp">
      <Filter>Source Files</Filter>
    </ClCompile>
    <ClCompile Include="src\EvolutionEngine\General.cpp">
      <Filter>Source Files</Filter>
    </ClCompile>
    <ClCompile Include="src\EvolutionEngine\GeneralHandlers.cpp">
      <Filter>Source Files</Filter>
    </ClCompile>
    <ClCompile Include="src\EvolutionEngine\Genome.cpp">
      <Filter>Source Files</Filter>
    </ClCompile>
    <ClCompile Include="src\EvolutionEngine\GenomeStore.cpp">
      <Filter>Source Files</Filter>
    </ClCompile>
    <ClCompile Include="src\EvolutionEngine\HistoryHandlers.cpp">
      <Filter>Source Files</Filter>
    </ClCompile>
    <ClCompile Include="src\EvolutionEngine\HistoryStore.cpp">
      <Filter>Source Files</Filter>
    </ClCompile>
    <ClCompile Include="src\EvolutionEngine\InputManager.cpp">
      <Filter>Source Files</Filter>
    </ClCompile>
    <ClCompile Include="src\EvolutionEngine\InputPort.cpp">
      <Filter>Source Files</Filter>
    </ClCompile>
    <ClCompile Include="src\EvolutionEngine\Instinct.cpp">
      <Filter>Source Files</Filter>
    </ClCompile>
    <ClCompile Include="src\EvolutionEngine\Lexer.cpp">
      <Filter>Source Files</Filter>
    </ClCompile>
    <ClCompile Include="src\EvolutionEngine\LifeEvent.cpp">
      <Filter>Source Files</Filter>
    </ClCompile>
    <ClCompile Include="src\EvolutionEngine\LifeFaculty.cpp">
      <Filter>Source Files</Filter>
    </ClCompile>
    <ClCompile Include="src\EvolutionEngine\Line.cpp">
      <Filter>Source Files</Filter>
    </ClCompile>
    <ClCompile Include="src\EvolutionEngine\LinguisticFaculty.cpp">
      <Filter>Source Files</Filter>
    </ClCompile>
    <ClCompile Include="src\EvolutionEngine\Lobe.cpp">
      <Filter>Source Files</Filter>
    </ClCompile>
    <ClCompile Include="src\EvolutionEngine\MacroScript.cpp">
      <Filter>Source Files</Filter>
    </ClCompile>
    <ClCompile Include="src\EvolutionEngine\MainCamera.cpp">
      <Filter>Source Files</Filter>
    </ClCompile>
    <ClCompile Include="src\EvolutionEngine\Map.cpp">
      <Filter>Source Files</Filter>
    </ClCompile>
    <ClCompile Include="src\EvolutionEngine\MapCA.cpp">
      <Filter>Source Files</Filter>
    </ClCompile>
    <ClCompile Include="src\EvolutionEngine\MapHandlers.cpp">
      <Filter>Source Files</Filter>
    </ClCompile>
    <ClCompile Include="src\EvolutionEngine\MapImage.cpp">
      <Filter>Source Files</Filter>
    </ClCompile>
    <ClCompile Include="src\EvolutionEngine\MapScanner.cpp">
      <Filter>Source Files</Filter>
    </ClCompile>
    <ClCompile Include="src\EvolutionEngine\md5.cpp">
      <Filter>Source Files</Filter>
    </ClCompile>
    <ClCompile Include="src\EvolutionEngine\MemoryMappedFile.cpp">
      <Filter>Source Files</Filter>
    </ClCompile>
    <ClCompile Include="src\EvolutionEngine\Message.cpp">
      <Filter>Source Files</Filter>
    </ClCompile>
    <ClCompile Include="src\EvolutionEngine\MessageQueue.cpp">
      <Filter>Source Files</Filter>
    </ClCompile>
    <ClCompile Include="src\EvolutionEngine\mfchack.cpp">
      <Filter>Source Files</Filter>
    </ClCompile>
    <ClCompile Include="src\EvolutionEngine\midimodule.cpp">
      <Filter>Source Files</Filter>
    </ClCompile>
    <ClCompile Include="src\EvolutionEngine\ModuleImporter.cpp">
      <Filter>Source Files</Filter>
    </ClCompile>
    <ClCompile Include="src\EvolutionEngine\MotorFaculty.cpp">
      <Filter>Source Files</Filter>
    </ClCompile>
    <ClCompile Include="src\EvolutionEngine\MusicAction.cpp">
      <Filter>Source Files</Filter>
    </ClCompile>
    <ClCompile Include="src\EvolutionEngine\MusicAleotoricLayer.cpp">
      <Filter>Source Files</Filter>
    </ClCompile>
    <ClCompile Include="src\EvolutionEngine\MusicEffect.cpp">
      <Filter>Source Files</Filter>
    </ClCompile>
    <ClCompile Include="src\EvolutionEngine\MusicExpression.cpp">
      <Filter>Source Files</Filter>
    </ClCompile>
    <ClCompile Include="src\EvolutionEngine\MusicFaculty.cpp">
      <Filter>Source Files</Filter>
    </ClCompile>
    <ClCompile Include="src\EvolutionEngine\MusicGlobals.cpp">
      <Filter>Source Files</Filter>
    </ClCompile>
    <ClCompile Include="src\EvolutionEngine\MusicLayer.cpp">
      <Filter>Source Files</Filter>
    </ClCompile>
    <ClCompile Include="src\EvolutionEngine\MusicLoopLayer.cpp">
      <Filter>Source Files</Filter>
    </ClCompile>
    <ClCompile Include="src\EvolutionEngine\MusicManager.cpp">
      <Filter>Source Files</Filter>
    </ClCompile>
    <ClCompile Include="src\EvolutionEngine\MusicScript.cpp">
      <Filter>Source Files</Filter>
    </ClCompile>
    <ClCompile Include="src\EvolutionEngine\MusicTimer.cpp">
      <Filter>Source Files</Filter>
    </ClCompile>
    <ClCompile Include="src\EvolutionEngine\MusicTrack.cpp">
      <Filter>Source Files</Filter>
    </ClCompile>
    <ClCompile Include="src\EvolutionEngine\MusicUpdatable.cpp">
      <Filter>Source Files</Filter>
    </ClCompile>
    <ClCompile Include="src\EvolutionEngine\MusicVariable.cpp">
      <Filter>Source Files</Filter>
    </ClCompile>
    <ClCompile Include="src\EvolutionEngine\MusicVariableContainer.cpp">
      <Filter>Source Files</Filter>
    </ClCompile>
    <ClCompile Include="src\EvolutionEngine\NeuroEmitter.cpp">
      <Filter>Source Files</Filter>
    </ClCompile>
    <ClCompile Include="src\EvolutionEngine\Neuron.cpp">
      <Filter>Source Files</Filter>
    </ClCompile>
    <ClCompile Include="src\EvolutionEngine\OpSpec.cpp">
      <Filter>Source Files</Filter>
    </ClCompile>
    <ClCompile Include="src\EvolutionEngine\Orderiser.cpp">
      <Filter>Source Files</Filter>
    </ClCompile>
    <ClCompile Include="src\EvolutionEngine\Organ.cpp">
      <Filter>Source Files</Filter>
    </ClCompile>
    <ClCompile Include="src\EvolutionEngine\OutputPort.cpp">
      <Filter>Source Files</Filter>
    </ClCompile>
    <ClCompile Include="src\EvolutionEngine\PersistentObject.cpp">
      <Filter>Source Files</Filter>
    </ClCompile>
    <ClCompile Include="src\EvolutionEngine\PointerAgent.cpp">
      <Filter>Source Files</Filter>
    </ClCompile>
    <ClCompile Include="src\EvolutionEngine\Port.cpp">
      <Filter>Source Files</Filter>
    </ClCompile>
    <ClCompile Include="src\EvolutionEngine\PortBundle.cpp">
      <Filter>Source Files</Filter>
    </ClCompile>
    <ClCompile Include="src\EvolutionEngine\PortHandlers.cpp">
      <Filter>Source Files</Filter>
    </ClCompile>
    <ClCompile Include="src\EvolutionEngine\Position.cpp">
      <Filter>Source Files</Filter>
    </ClCompile>
    <ClCompile Include="src\EvolutionEngine\PrayBuilder.cpp">
      <Filter>Source Files</Filter>
    </ClCompile>
    <ClCompile Include="src\EvolutionEngine\PrayChunk.cpp">
      <Filter>Source Files</Filter>
    </ClCompile>
    <ClCompile Include="src\EvolutionEngine\PrayHandlers.cpp">
      <Filter>Source Files</Filter>
    </ClCompile>
    <ClCompile Include="src\EvolutionEngine\PrayManager.cpp">
      <Filter>Source Files</Filter>
    </ClCompile>
    <ClCompile Include="src\EvolutionEngine\Presence.cpp">
      <Filter>Source Files</Filter>
    </ClCompile>
    <ClCompile Include="src\EvolutionEngine\ProfanityFilter.cpp">
      <Filter>Source Files</Filter>
    </ClCompile>
    <ClCompile Include="src\EvolutionEngine\ProgressDialog.cpp">
      <Filter>Source Files</Filter>
    </ClCompile>
    <ClCompile Include="src\EvolutionEngine\QuickFsp.cpp">
      <Filter>Source Files</Filter>
    </ClCompile>
    <ClCompile Include="src\EvolutionEngine\QuoteFactory.cpp">
      <Filter>Source Files</Filter>
    </ClCompile>
    <ClCompile Include="src\EvolutionEngine\Receptor.cpp">
      <Filter>Source Files</Filter>
    </ClCompile>
    <ClCompile Include="src\EvolutionEngine\RegistryHandler.cpp">
      <Filter>Source Files</Filter>
    </ClCompile>
    <ClCompile Include="src\EvolutionEngine\RemoteCamera.cpp">
      <Filter>Source Files</Filter>
    </ClCompile>
    <ClCompile Include="src\EvolutionEngine\ReproductiveFaculty.cpp">
      <Filter>Source Files</Filter>
    </ClCompile>
    <ClCompile Include="src\EvolutionEngine\RequestManager.cpp">
      <Filter>Source Files</Filter>
    </ClCompile>
    <ClCompile Include="src\EvolutionEngine\RoomCA.cpp">
      <Filter>Source Files</Filter>
    </ClCompile>
    <ClCompile Include="src\EvolutionEngine\RuntimeErrorDialog.cpp">
      <Filter>Source Files</Filter>
    </ClCompile>
    <ClCompile Include="src\EvolutionEngine\Scramble.cpp">
      <Filter>Source Files</Filter>
    </ClCompile>
    <ClCompile Include="src\EvolutionEngine\Scriptorium.cpp">
      <Filter>Source Files</Filter>
    </ClCompile>
    <ClCompile Include="src\EvolutionEngine\SensoryFaculty.cpp">
      <Filter>Source Files</Filter>
    </ClCompile>
    <ClCompile Include="src\EvolutionEngine\ServerSide.cpp">
      <Filter>Source Files</Filter>
    </ClCompile>
    <ClCompile Include="src\EvolutionEngine\ServerThread.cpp">
      <Filter>Source Files</Filter>
    </ClCompile>
    <ClCompile Include="src\EvolutionEngine\SharedGallery.cpp">
      <Filter>Source Files</Filter>
    </ClCompile>
    <ClCompile Include="src\EvolutionEngine\SimpleAgent.cpp">
      <Filter>Source Files</Filter>
    </ClCompile>
    <ClCompile Include="src\EvolutionEngine\SimpleLexer.cpp">
      <Filter>Source Files</Filter>
    </ClCompile>
    <ClCompile Include="src\EvolutionEngine\SkeletalCreature.cpp">
      <Filter>Source Files</Filter>
    </ClCompile>
    <ClCompile Include="src\EvolutionEngine\SoundHandlers.cpp">
      <Filter>Source Files</Filter>
    </ClCompile>
    <ClCompile Include="src\EvolutionEngine\Soundlib.cpp">
      <Filter>Source Files</Filter>
    </ClCompile>
    <ClCompile Include="src\EvolutionEngine\Sprite.cpp">
      <Filter>Source Files</Filter>
    </ClCompile>
    <ClCompile Include="src\EvolutionEngine\Stimulus.cpp">
      <Filter>Source Files</Filter>
    </ClCompile>
    <ClCompile Include="src\EvolutionEngine\StringFuncs.cpp">
      <Filter>Source Files</Filter>
    </ClCompile>
    <ClCompile Include="src\EvolutionEngine\StringIntGroup.cpp">
      <Filter>Source Files</Filter>
    </ClCompile>
    <ClCompile Include="src\EvolutionEngine\SVRule.cpp">
      <Filter>Source Files</Filter>
    </ClCompile>
    <ClCompile Include="src\EvolutionEngine\System.cpp">
      <Filter>Source Files</Filter>
    </ClCompile>
    <ClCompile Include="src\EvolutionEngine\TimeFuncs.cpp">
      <Filter>Source Files</Filter>
    </ClCompile>
    <ClCompile Include="src\EvolutionEngine\TintManager.cpp">
      <Filter>Source Files</Filter>
    </ClCompile>
    <ClCompile Include="src\EvolutionEngine\Tract.cpp">
      <Filter>Source Files</Filter>
    </ClCompile>
    <ClCompile Include="src\EvolutionEngine\UIPart.cpp">
      <Filter>Source Files</Filter>
    </ClCompile>
    <ClCompile Include="src\EvolutionEngine\UniqueIdentifier.cpp">
      <Filter>Source Files</Filter>
    </ClCompile>
    <ClCompile Include="src\EvolutionEngine\Vector2D.cpp">
      <Filter>Source Files</Filter>
    </ClCompile>
    <ClCompile Include="src\EvolutionEngine\Vehicle.cpp">
      <Filter>Source Files</Filter>
    </ClCompile>
    <ClCompile Include="src\EvolutionEngine\VelocityVariable.cpp">
      <Filter>Source Files</Filter>
    </ClCompile>
    <ClCompile Include="src\EvolutionEngine\Vocab.cpp">
      <Filter>Source Files</Filter>
    </ClCompile>
    <ClCompile Include="src\EvolutionEngine\voice.cpp">
      <Filter>Source Files</Filter>
    </ClCompile>
    <ClCompile Include="src\EvolutionEngine\Win32ScreenKiller.cpp">
      <Filter>Source Files</Filter>
    </ClCompile>
    <ClCompile Include="src\EvolutionEngine\Win32Server.cpp">
      <Filter>Source Files</Filter>
    </ClCompile>
    <ClCompile Include="src\EvolutionEngine\Win95SpecificMCIDeviceHandles.cpp">
      <Filter>Source Files</Filter>
    </ClCompile>
    <ClCompile Include="src\EvolutionEngine\Window.cpp">
      <Filter>Source Files</Filter>
    </ClCompile>
    <ClCompile Include="src\EvolutionEngine\World.cpp">
      <Filter>Source Files</Filter>
    </ClCompile>
  </ItemGroup>
  <ItemGroup>
    <ClInclude Include="src\EvolutionEngine\Agent.h">
      <Filter>Header Files</Filter>
    </ClInclude>
    <ClInclude Include="src\EvolutionEngine\AgentConstants.h">
      <Filter>Header Files</Filter>
    </ClInclude>
    <ClInclude Include="src\EvolutionEngine\AgentHandle.h">
      <Filter>Header Files</Filter>
    </ClInclude>
    <ClInclude Include="src\EvolutionEngine\AgentHandlers.h">
      <Filter>Header Files</Filter>
    </ClInclude>
    <ClInclude Include="src\EvolutionEngine\AgentManager.h">
      <Filter>Header Files</Filter>
    </ClInclude>
    <ClInclude Include="src\EvolutionEngine\Angle.h">
      <Filter>Header Files</Filter>
    </ClInclude>
    <ClInclude Include="src\EvolutionEngine\App.h">
      <Filter>Header Files</Filter>
    </ClInclude>
    <ClInclude Include="src\EvolutionEngine\AutoDocumentationTable.h">
      <Filter>Header Files</Filter>
    </ClInclude>
    <ClInclude Include="src\EvolutionEngine\Background.h">
      <Filter>Header Files</Filter>
    </ClInclude>
    <ClInclude Include="src\EvolutionEngine\Biochemistry.h">
      <Filter>Header Files</Filter>
    </ClInclude>
    <ClInclude Include="src\EvolutionEngine\BiochemistryConstants.h">
      <Filter>Header Files</Filter>
    </ClInclude>
    <ClInclude Include="src\EvolutionEngine\Bitmap.h">
      <Filter>Header Files</Filter>
    </ClInclude>
    <ClInclude Include="src\EvolutionEngine\BodyPartOverlay.h">
      <Filter>Header Files</Filter>
    </ClInclude>
    <ClInclude Include="src\EvolutionEngine\Brain.h">
      <Filter>Header Files</Filter>
    </ClInclude>
    <ClInclude Include="src\EvolutionEngine\BrainComponent.h">
      <Filter>Header Files</Filter>
    </ClInclude>
    <ClInclude Include="src\EvolutionEngine\BrainScriptFunctions.h">
      <Filter>Header Files</Filter>
    </ClInclude>
    <ClInclude Include="src\EvolutionEngine\C2eDebug.h">
      <Filter>Header Files</Filter>
    </ClInclude>
    <ClInclude Include="src\EvolutionEngine\C2eServices.h">
      <Filter>Header Files</Filter>
    </ClInclude>
    <ClInclude Include="src\EvolutionEngine\Camera.h">
      <Filter>Header Files</Filter>
    </ClInclude>
    <ClInclude Include="src\EvolutionEngine\CameraPart.h">
      <Filter>Header Files</Filter>
    </ClInclude>
    <ClInclude Include="src\EvolutionEngine\CameraSprite.h">
      <Filter>Header Files</Filter>
    </ClInclude>
    <ClInclude Include="src\EvolutionEngine\CAOSDescription.h">
      <Filter>Header Files</Filter>
    </ClInclude>
    <ClInclude Include="src\EvolutionEngine\CAOSMachine.h">
      <Filter>Header Files</Filter>
    </ClInclude>
    <ClInclude Include="src\EvolutionEngine\CAOSTables.h">
      <Filter>Header Files</Filter>
    </ClInclude>
    <ClInclude Include="src\EvolutionEngine\CAOSVar.h">
      <Filter>Header Files</Filter>
    </ClInclude>
    <ClInclude Include="src\EvolutionEngine\CARates.h">
      <Filter>Header Files</Filter>
    </ClInclude>
    <ClInclude Include="src\EvolutionEngine\Catalogue.h">
      <Filter>Header Files</Filter>
    </ClInclude>
    <ClInclude Include="src\EvolutionEngine\CDRomDevice.h">
      <Filter>Header Files</Filter>
    </ClInclude>
    <ClInclude Include="src\EvolutionEngine\Circle.h">
      <Filter>Header Files</Filter>
    </ClInclude>
    <ClInclude Include="src\EvolutionEngine\Classifier.h">
      <Filter>Header Files</Filter>
    </ClInclude>
    <ClInclude Include="src\EvolutionEngine\ClonedGallery.h">
      <Filter>Header Files</Filter>
    </ClInclude>
    <ClInclude Include="src\EvolutionEngine\CompoundAgent.h">
      <Filter>Header Files</Filter>
    </ClInclude>
    <ClInclude Include="src\EvolutionEngine\CompoundHandlers.h">
      <Filter>Header Files</Filter>
    </ClInclude>
    <ClInclude Include="src\EvolutionEngine\CompoundPart.h">
      <Filter>Header Files</Filter>
    </ClInclude>
    <ClInclude Include="src\EvolutionEngine\CompressedBitmap.h">
      <Filter>Header Files</Filter>
    </ClInclude>
    <ClInclude Include="src\EvolutionEngine\Configurator.h">
      <Filter>Header Files</Filter>
    </ClInclude>
    <ClInclude Include="src\EvolutionEngine\CosInstaller.h">
      <Filter>Header Files</Filter>
    </ClInclude>
    <ClInclude Include="src\EvolutionEngine\Creature.h">
      <Filter>Header Files</Filter>
    </ClInclude>
    <ClInclude Include="src\EvolutionEngine\CreatureAgent.h">
      <Filter>Header Files</Filter>
    </ClInclude>
    <ClInclude Include="src\EvolutionEngine\CreatureGallery.h">
      <Filter>Header Files</Filter>
    </ClInclude>
    <ClInclude Include="src\EvolutionEngine\CreatureHandlers.h">
      <Filter>Header Files</Filter>
    </ClInclude>
    <ClInclude Include="src\EvolutionEngine\CreatureHead.h">
      <Filter>Header Files</Filter>
    </ClInclude>
    <ClInclude Include="src\EvolutionEngine\CreatureHistory.h">
      <Filter>Header Files</Filter>
    </ClInclude>
    <ClInclude Include="src\EvolutionEngine\CreaturesArchive.h">
      <Filter>Header Files</Filter>
    </ClInclude>
    <ClInclude Include="src\EvolutionEngine\CStyleException.h">
      <Filter>Header Files</Filter>
    </ClInclude>
    <ClInclude Include="src\EvolutionEngine\CustomHeap.h">
      <Filter>Header Files</Filter>
    </ClInclude>
    <ClInclude Include="src\EvolutionEngine\DebugHandlers.h">
      <Filter>Header Files</Filter>
    </ClInclude>
    <ClInclude Include="src\EvolutionEngine\DebugInfo.h">
      <Filter>Header Files</Filter>
    </ClInclude>
    <ClInclude Include="src\EvolutionEngine\Dendrite.h">
      <Filter>Header Files</Filter>
    </ClInclude>
    <ClInclude Include="src\EvolutionEngine\DirectoryManager.h">
      <Filter>Header Files</Filter>
    </ClInclude>
    <ClInclude Include="src\EvolutionEngine\DisplayEngine.h">
      <Filter>Header Files</Filter>
    </ClInclude>
    <ClInclude Include="src\EvolutionEngine\DisplayEnginePlotFunctions.h">
      <Filter>Header Files</Filter>
    </ClInclude>
    <ClInclude Include="src\EvolutionEngine\DisplayHandlers.h">
      <Filter>Header Files</Filter>
    </ClInclude>
    <ClInclude Include="src\EvolutionEngine\DrawableObject.h">
      <Filter>Header Files</Filter>
    </ClInclude>
    <ClInclude Include="src\EvolutionEngine\DrawableObjectHandler.h">
      <Filter>Header Files</Filter>
    </ClInclude>
    <ClInclude Include="src\EvolutionEngine\EasterEgg.h">
      <Filter>Header Files</Filter>
    </ClInclude>
    <ClInclude Include="src\EvolutionEngine\Emitter.h">
      <Filter>Header Files</Filter>
    </ClInclude>
    <ClInclude Include="src\EvolutionEngine\Entity.h">
      <Filter>Header Files</Filter>
    </ClInclude>
    <ClInclude Include="src\EvolutionEngine\EntityImage.h">
      <Filter>Header Files</Filter>
    </ClInclude>
    <ClInclude Include="src\EvolutionEngine\EntityImageClone.h">
      <Filter>Header Files</Filter>
    </ClInclude>
    <ClInclude Include="src\EvolutionEngine\EntityImageWithEmbeddedCamera.h">
      <Filter>Header Files</Filter>
    </ClInclude>
    <ClInclude Include="src\EvolutionEngine\ErrorDialog.h">
      <Filter>Header Files</Filter>
    </ClInclude>
    <ClInclude Include="src\EvolutionEngine\ErrorMessageHandler.h">
      <Filter>Header Files</Filter>
    </ClInclude>
    <ClInclude Include="src\EvolutionEngine\EvolutionEngine.h">
      <Filter>Header Files</Filter>
    </ClInclude>
    <ClInclude Include="src\EvolutionEngine\ExpressiveFaculty.h">
      <Filter>Header Files</Filter>
    </ClInclude>
    <ClInclude Include="src\EvolutionEngine\Faculty.h">
      <Filter>Header Files</Filter>
    </ClInclude>
    <ClInclude Include="src\EvolutionEngine\File.h">
      <Filter>Header Files</Filter>
    </ClInclude>
    <ClInclude Include="src\EvolutionEngine\FileFuncs.h">
      <Filter>Header Files</Filter>
    </ClInclude>
    <ClInclude Include="src\EvolutionEngine\FileLocaliser.h">
      <Filter>Header Files</Filter>
    </ClInclude>
    <ClInclude Include="src\EvolutionEngine\FilePath.h">
      <Filter>Header Files</Filter>
    </ClInclude>
    <ClInclude Include="src\EvolutionEngine\FileScanner.h">
      <Filter>Header Files</Filter>
    </ClInclude>
    <ClInclude Include="src\EvolutionEngine\FlightRecorder.h">
      <Filter>Header Files</Filter>
    </ClInclude>
    <ClInclude Include="src\EvolutionEngine\Gallery.h">
      <Filter>Header Files</Filter>
    </ClInclude>
    <ClInclude Include="src\EvolutionEngine\General.h">
      <Filter>Header Files</Filter>
    </ClInclude>
    <ClInclude Include="src\EvolutionEngine\GeneralHandlers.h">
      <Filter>Header Files</Filter>
    </ClInclude>
    <ClInclude Include="src\EvolutionEngine\Genome.h">
      <Filter>Header Files</Filter>
    </ClInclude>
    <ClInclude Include="src\EvolutionEngine\GenomeStore.h">
      <Filter>Header Files</Filter>
    </ClInclude>
    <ClInclude Include="src\EvolutionEngine\HistoryHandlers.h">
      <Filter>Header Files</Filter>
    </ClInclude>
    <ClInclude Include="src\EvolutionEngine\HistoryStore.h">
      <Filter>Header Files</Filter>
    </ClInclude>
    <ClInclude Include="src\EvolutionEngine\InputManager.h">
      <Filter>Header Files</Filter>
    </ClInclude>
    <ClInclude Include="src\EvolutionEngine\InputPort.h">
      <Filter>Header Files</Filter>
    </ClInclude>
    <ClInclude Include="src\EvolutionEngine\Instinct.h">
      <Filter>Header Files</Filter>
    </ClInclude>
    <ClInclude Include="src\EvolutionEngine\Lexer.h">
      <Filter>Header Files</Filter>
    </ClInclude>
    <ClInclude Include="src\EvolutionEngine\LifeEvent.h">
      <Filter>Header Files</Filter>
    </ClInclude>
    <ClInclude Include="src\EvolutionEngine\LifeFaculty.h">
      <Filter>Header Files</Filter>
    </ClInclude>
    <ClInclude Include="src\EvolutionEngine\Line.h">
      <Filter>Header Files</Filter>
    </ClInclude>
    <ClInclude Include="src\EvolutionEngine\LinguisticFaculty.h">
      <Filter>Header Files</Filter>
    </ClInclude>
    <ClInclude Include="src\EvolutionEngine\Lobe.h">
      <Filter>Header Files</Filter>
    </ClInclude>
    <ClInclude Include="src\EvolutionEngine\MacroScript.h">
      <Filter>Header Files</Filter>
    </ClInclude>
    <ClInclude Include="src\EvolutionEngine\MainCamera.h">
      <Filter>Header Files</Filter>
    </ClInclude>
    <ClInclude Include="src\EvolutionEngine\Map.h">
      <Filter>Header Files</Filter>
    </ClInclude>
    <ClInclude Include="src\EvolutionEngine\MapCA.h">
      <Filter>Header Files</Filter>
    </ClInclude>
    <ClInclude Include="src\EvolutionEngine\MapHandlers.h">
      <Filter>Header Files</Filter>
    </ClInclude>
    <ClInclude Include="src\EvolutionEngine\MapImage.h">
      <Filter>Header Files</Filter>
    </ClInclude>
    <ClInclude Include="src\EvolutionEngine\MapScanner.h">
      <Filter>Header Files</Filter>
    </ClInclude>
    <ClInclude Include="src\EvolutionEngine\md5.h">
      <Filter>Header Files</Filter>
    </ClInclude>
    <ClInclude Include="src\EvolutionEngine\MemoryMappedFile.h">
      <Filter>Header Files</Filter>
    </ClInclude>
    <ClInclude Include="src\EvolutionEngine\Message.h">
      <Filter>Header Files</Filter>
    </ClInclude>
    <ClInclude Include="src\EvolutionEngine\MessageQueue.h">
      <Filter>Header Files</Filter>
    </ClInclude>
    <ClInclude Include="src\EvolutionEngine\mfchack.h">
      <Filter>Header Files</Filter>
    </ClInclude>
    <ClInclude Include="src\EvolutionEngine\midimodule.h">
      <Filter>Header Files</Filter>
    </ClInclude>
    <ClInclude Include="src\EvolutionEngine\ModuleImporter.h">
      <Filter>Header Files</Filter>
    </ClInclude>
    <ClInclude Include="src\EvolutionEngine\MotorFaculty.h">
      <Filter>Header Files</Filter>
    </ClInclude>
    <ClInclude Include="src\EvolutionEngine\MusicAction.h">
      <Filter>Header Files</Filter>
    </ClInclude>
    <ClInclude Include="src\EvolutionEngine\MusicAleotoricLayer.h">
      <Filter>Header Files</Filter>
    </ClInclude>
    <ClInclude Include="src\EvolutionEngine\MusicEffect.h">
      <Filter>Header Files</Filter>
    </ClInclude>
    <ClInclude Include="src\EvolutionEngine\MusicExpression.h">
      <Filter>Header Files</Filter>
    </ClInclude>
    <ClInclude Include="src\EvolutionEngine\MusicFaculty.h">
      <Filter>Header Files</Filter>
    </ClInclude>
    <ClInclude Include="src\EvolutionEngine\MusicGlobals.h">
      <Filter>Header Files</Filter>
    </ClInclude>
    <ClInclude Include="src\EvolutionEngine\MusicLayer.h">
      <Filter>Header Files</Filter>
    </ClInclude>
    <ClInclude Include="src\EvolutionEngine\MusicLoopLayer.h">
      <Filter>Header Files</Filter>
    </ClInclude>
    <ClInclude Include="src\EvolutionEngine\MusicManager.h">
      <Filter>Header Files</Filter>
    </ClInclude>
    <ClInclude Include="src\EvolutionEngine\MusicScript.h">
      <Filter>Header Files</Filter>
    </ClInclude>
    <ClInclude Include="src\EvolutionEngine\MusicTimer.h">
      <Filter>Header Files</Filter>
    </ClInclude>
    <ClInclude Include="src\EvolutionEngine\MusicTrack.h">
      <Filter>Header Files</Filter>
    </ClInclude>
    <ClInclude Include="src\EvolutionEngine\MusicUpdatable.h">
      <Filter>Header Files</Filter>
    </ClInclude>
    <ClInclude Include="src\EvolutionEngine\MusicVariable.h">
      <Filter>Header Files</Filter>
    </ClInclude>
    <ClInclude Include="src\EvolutionEngine\MusicVariableContainer.h">
      <Filter>Header Files</Filter>
    </ClInclude>
    <ClInclude Include="src\EvolutionEngine\NeuroEmitter.h">
      <Filter>Header Files</Filter>
    </ClInclude>
    <ClInclude Include="src\EvolutionEngine\Neuron.h">
      <Filter>Header Files</Filter>
    </ClInclude>
    <ClInclude Include="src\EvolutionEngine\OpSpec.h">
      <Filter>Header Files</Filter>
    </ClInclude>
    <ClInclude Include="src\EvolutionEngine\Orderiser.h">
      <Filter>Header Files</Filter>
    </ClInclude>
    <ClInclude Include="src\EvolutionEngine\Organ.h">
      <Filter>Header Files</Filter>
    </ClInclude>
    <ClInclude Include="src\EvolutionEngine\OutputPort.h">
      <Filter>Header Files</Filter>
    </ClInclude>
    <ClInclude Include="src\EvolutionEngine\PersistentObject.h">
      <Filter>Header Files</Filter>
    </ClInclude>
    <ClInclude Include="src\EvolutionEngine\PointerAgent.h">
      <Filter>Header Files</Filter>
    </ClInclude>
    <ClInclude Include="src\EvolutionEngine\Port.h">
      <Filter>Header Files</Filter>
    </ClInclude>
    <ClInclude Include="src\EvolutionEngine\PortBundle.h">
      <Filter>Header Files</Filter>
    </ClInclude>
    <ClInclude Include="src\EvolutionEngine\PortHandlers.h">
      <Filter>Header Files</Filter>
    </ClInclude>
    <ClInclude Include="src\EvolutionEngine\Position.h">
      <Filter>Header Files</Filter>
    </ClInclude>
    <ClInclude Include="src\EvolutionEngine\PrayBuilder.h">
      <Filter>Header Files</Filter>
    </ClInclude>
    <ClInclude Include="src\EvolutionEngine\PrayChunk.h">
      <Filter>Header Files</Filter>
    </ClInclude>
    <ClInclude Include="src\EvolutionEngine\PrayHandlers.h">
      <Filter>Header Files</Filter>
    </ClInclude>
    <ClInclude Include="src\EvolutionEngine\PrayManager.h">
      <Filter>Header Files</Filter>
    </ClInclude>
    <ClInclude Include="src\EvolutionEngine\Presence.h">
      <Filter>Header Files</Filter>
    </ClInclude>
    <ClInclude Include="src\EvolutionEngine\ProfanityFilter.h">
      <Filter>Header Files</Filter>
    </ClInclude>
    <ClInclude Include="src\EvolutionEngine\ProgressDialog.h">
      <Filter>Header Files</Filter>
    </ClInclude>
    <ClInclude Include="src\EvolutionEngine\QuickFsp.h">
      <Filter>Header Files</Filter>
    </ClInclude>
    <ClInclude Include="src\EvolutionEngine\QuoteFactory.h">
      <Filter>Header Files</Filter>
    </ClInclude>
    <ClInclude Include="src\EvolutionEngine\Receptor.h">
      <Filter>Header Files</Filter>
    </ClInclude>
    <ClInclude Include="src\EvolutionEngine\RegistryHandler.h">
      <Filter>Header Files</Filter>
    </ClInclude>
    <ClInclude Include="src\EvolutionEngine\RemoteCamera.h">
      <Filter>Header Files</Filter>
    </ClInclude>
    <ClInclude Include="src\EvolutionEngine\ReproductiveFaculty.h">
      <Filter>Header Files</Filter>
    </ClInclude>
    <ClInclude Include="src\EvolutionEngine\RequestManager.h">
      <Filter>Header Files</Filter>
    </ClInclude>
    <ClInclude Include="src\EvolutionEngine\RoomCA.h">
      <Filter>Header Files</Filter>
    </ClInclude>
    <ClInclude Include="src\EvolutionEngine\RuntimeErrorDialog.h">
      <Filter>Header Files</Filter>
    </ClInclude>
    <ClInclude Include="src\EvolutionEngine\Scramble.h">
      <Filter>Header Files</Filter>
    </ClInclude>
    <ClInclude Include="src\EvolutionEngine\Scriptorium.h">
      <Filter>Header Files</Filter>
    </ClInclude>
    <ClInclude Include="src\EvolutionEngine\SensoryFaculty.h">
      <Filter>Header Files</Filter>
    </ClInclude>
    <ClInclude Include="src\EvolutionEngine\ServerSide.h">
      <Filter>Header Files</Filter>
    </ClInclude>
    <ClInclude Include="src\EvolutionEngine\ServerThread.h">
      <Filter>Header Files</Filter>
    </ClInclude>
    <ClInclude Include="src\EvolutionEngine\SharedGallery.h">
      <Filter>Header Files</Filter>
    </ClInclude>
    <ClInclude Include="src\EvolutionEngine\SimpleAgent.h">
      <Filter>Header Files</Filter>
    </ClInclude>
    <ClInclude Include="src\EvolutionEngine\SimpleLexer.h">
      <Filter>Header Files</Filter>
    </ClInclude>
    <ClInclude Include="src\EvolutionEngine\SkeletalCreature.h">
      <Filter>Header Files</Filter>
    </ClInclude>
    <ClInclude Include="src\EvolutionEngine\SoundHandlers.h">
      <Filter>Header Files</Filter>
    </ClInclude>
    <ClInclude Include="src\EvolutionEngine\Soundlib.h">
      <Filter>Header Files</Filter>
    </ClInclude>
    <ClInclude Include="src\EvolutionEngine\Sprite.h">
      <Filter>Header Files</Filter>
    </ClInclude>
    <ClInclude Include="src\EvolutionEngine\StdAfx.h">
      <Filter>Header Files</Filter>
    </ClInclude>
    <ClInclude Include="src\EvolutionEngine\Stimulus.h">
      <Filter>Header Files</Filter>
    </ClInclude>
    <ClInclude Include="src\EvolutionEngine\StringFuncs.h">
      <Filter>Header Files</Filter>
    </ClInclude>
    <ClInclude Include="src\EvolutionEngine\StringIntGroup.h">
      <Filter>Header Files</Filter>
    </ClInclude>
    <ClInclude Include="src\EvolutionEngine\SVRule.h">
      <Filter>Header Files</Filter>
    </ClInclude>
    <ClInclude Include="src\EvolutionEngine\System.h">
      <Filter>Header Files</Filter>
    </ClInclude>
    <ClInclude Include="src\EvolutionEngine\TimeFuncs.h">
      <Filter>Header Files</Filter>
    </ClInclude>
    <ClInclude Include="src\EvolutionEngine\TintManager.h">
      <Filter>Header Files</Filter>
    </ClInclude>
    <ClInclude Include="src\EvolutionEngine\Tract.h">
      <Filter>Header Files</Filter>
    </ClInclude>
    <ClInclude Include="src\EvolutionEngine\UIPart.h">
      <Filter>Header Files</Filter>
    </ClInclude>
    <ClInclude Include="src\EvolutionEngine\UniqueIdentifier.h">
      <Filter>Header Files</Filter>
    </ClInclude>
    <ClInclude Include="src\EvolutionEngine\Vector2D.h">
      <Filter>Header Files</Filter>
    </ClInclude>
    <ClInclude Include="src\EvolutionEngine\Vehicle.h">
      <Filter>Header Files</Filter>
    </ClInclude>
    <ClInclude Include="src\EvolutionEngine\VelocityVariable.h">
      <Filter>Header Files</Filter>
    </ClInclude>
    <ClInclude Include="src\EvolutionEngine\Vocab.h">
      <Filter>Header Files</Filter>
    </ClInclude>
    <ClInclude Include="src\EvolutionEngine\voice.h">
      <Filter>Header Files</Filter>
    </ClInclude>
    <ClInclude Include="src\EvolutionEngine\Win32ScreenKiller.h">
      <Filter>Header Files</Filter>
    </ClInclude>
    <ClInclude Include="src\EvolutionEngine\Win32Server.h">
      <Filter>Header Files</Filter>
    </ClInclude>
    <ClInclude Include="src\EvolutionEngine\Win95SpecificMCIDeviceHandles.h">
      <Filter>Header Files</Filter>
    </ClInclude>
    <ClInclude Include="src\EvolutionEngine\Window.h">
      <Filter>Header Files</Filter>
    </ClInclude>
    <ClInclude Include="src\EvolutionEngine\World.h">
      <Filter>Header Files</Filter>
    </ClInclude>
  </ItemGroup>
</Project>